// !$*UTF8*$!
{
	archiveVersion = 1;
	classes = {
	};
	objectVersion = 56;
	objects = {

/* Begin PBXBuildFile section */
		489295432B9896AD55AF85D2 /* Pods_MusicApp.framework in Frameworks */ = {isa = PBXBuildFile; fileRef = 257159D5FBC070B4C34037D9 /* Pods_MusicApp.framework */; };
		CE1BE2CE292E04D4001E0F36 /* NetworkService.swift in Sources */ = {isa = PBXBuildFile; fileRef = CE1BE2CD292E04D4001E0F36 /* NetworkService.swift */; };
		CE1BE2EB292E1035001E0F36 /* SearchPresenter.swift in Sources */ = {isa = PBXBuildFile; fileRef = CE1BE2E5292E1035001E0F36 /* SearchPresenter.swift */; };
		CE1BE2EC292E1035001E0F36 /* SearchWorker.swift in Sources */ = {isa = PBXBuildFile; fileRef = CE1BE2E6292E1035001E0F36 /* SearchWorker.swift */; };
		CE1BE2ED292E1035001E0F36 /* SearchRouter.swift in Sources */ = {isa = PBXBuildFile; fileRef = CE1BE2E7292E1035001E0F36 /* SearchRouter.swift */; };
		CE1BE2EE292E1035001E0F36 /* SearchModels.swift in Sources */ = {isa = PBXBuildFile; fileRef = CE1BE2E8292E1035001E0F36 /* SearchModels.swift */; };
		CE1BE2F0292E1035001E0F36 /* SearchInteractor.swift in Sources */ = {isa = PBXBuildFile; fileRef = CE1BE2EA292E1035001E0F36 /* SearchInteractor.swift */; };
		CE1BE2F3292E106F001E0F36 /* SearchViewController.swift in Sources */ = {isa = PBXBuildFile; fileRef = CE1BE2F1292E106F001E0F36 /* SearchViewController.swift */; };
		CE1BE2F6292E1B41001E0F36 /* SearchViewController.storyboard in Resources */ = {isa = PBXBuildFile; fileRef = CE1BE2F5292E1B41001E0F36 /* SearchViewController.storyboard */; };
		CE1BE2F9292E1FB4001E0F36 /* UIViewController + Storyboard.swift in Sources */ = {isa = PBXBuildFile; fileRef = CE1BE2F8292E1FB4001E0F36 /* UIViewController + Storyboard.swift */; };
		CE6C44442931FC72000C4FD0 /* Nib.swift in Sources */ = {isa = PBXBuildFile; fileRef = CE6C44432931FC72000C4FD0 /* Nib.swift */; };
		CE6C444629333983000C4FD0 /* Library.swift in Sources */ = {isa = PBXBuildFile; fileRef = CE6C444529333983000C4FD0 /* Library.swift */; };
		CE6C444929337035000C4FD0 /* UserDefaults.swift in Sources */ = {isa = PBXBuildFile; fileRef = CE6C444829337035000C4FD0 /* UserDefaults.swift */; };
		CE6C444C2933786F000C4FD0 /* URLImage in Frameworks */ = {isa = PBXBuildFile; productRef = CE6C444B2933786F000C4FD0 /* URLImage */; };
		CE748454292DD10B0011D95C /* AppDelegate.swift in Sources */ = {isa = PBXBuildFile; fileRef = CE748453292DD10B0011D95C /* AppDelegate.swift */; };
		CE748456292DD10B0011D95C /* SceneDelegate.swift in Sources */ = {isa = PBXBuildFile; fileRef = CE748455292DD10B0011D95C /* SceneDelegate.swift */; };
		CE748458292DD10B0011D95C /* ViewController.swift in Sources */ = {isa = PBXBuildFile; fileRef = CE748457292DD10B0011D95C /* ViewController.swift */; };
		CE74845B292DD10B0011D95C /* Main.storyboard in Resources */ = {isa = PBXBuildFile; fileRef = CE748459292DD10B0011D95C /* Main.storyboard */; };
		CE74845D292DD10C0011D95C /* Assets.xcassets in Resources */ = {isa = PBXBuildFile; fileRef = CE74845C292DD10C0011D95C /* Assets.xcassets */; };
		CE748460292DD10C0011D95C /* LaunchScreen.storyboard in Resources */ = {isa = PBXBuildFile; fileRef = CE74845E292DD10C0011D95C /* LaunchScreen.storyboard */; };
		CE748468292DD1390011D95C /* MainTabBarController.swift in Sources */ = {isa = PBXBuildFile; fileRef = CE748467292DD1390011D95C /* MainTabBarController.swift */; };
		CE74846A292DD3EA0011D95C /* SearchMusicViewController.swift in Sources */ = {isa = PBXBuildFile; fileRef = CE748469292DD3EA0011D95C /* SearchMusicViewController.swift */; };
		CE74846C292DEF960011D95C /* SearchResponseModel.swift in Sources */ = {isa = PBXBuildFile; fileRef = CE74846B292DEF960011D95C /* SearchResponseModel.swift */; };
		CEC72553292E4E5A003FABE9 /* TrackCell.xib in Resources */ = {isa = PBXBuildFile; fileRef = CEC72552292E4E5A003FABE9 /* TrackCell.xib */; };
		CEC72555292E4E9C003FABE9 /* TrackCell.swift in Sources */ = {isa = PBXBuildFile; fileRef = CEC72554292E4E9C003FABE9 /* TrackCell.swift */; };
		CED2679F292F4DCB0072AAD3 /* FooterView.swift in Sources */ = {isa = PBXBuildFile; fileRef = CED2679E292F4DCB0072AAD3 /* FooterView.swift */; };
		CED267A2292F58DB0072AAD3 /* TrackDetailView.xib in Resources */ = {isa = PBXBuildFile; fileRef = CED267A1292F58DB0072AAD3 /* TrackDetailView.xib */; };
		CED267A4292F58EA0072AAD3 /* TrackDetailView.swift in Sources */ = {isa = PBXBuildFile; fileRef = CED267A3292F58EA0072AAD3 /* TrackDetailView.swift */; };
		CED267A6292F831B0072AAD3 /* CMTime + Extension.swift in Sources */ = {isa = PBXBuildFile; fileRef = CED267A5292F831B0072AAD3 /* CMTime + Extension.swift */; };
/* End PBXBuildFile section */

/* Begin PBXFileReference section */
		257159D5FBC070B4C34037D9 /* Pods_MusicApp.framework */ = {isa = PBXFileReference; explicitFileType = wrapper.framework; includeInIndex = 0; path = Pods_MusicApp.framework; sourceTree = BUILT_PRODUCTS_DIR; };
		73852E3D472C6B5C6DE1F38E /* Pods-MusicApp.release.xcconfig */ = {isa = PBXFileReference; includeInIndex = 1; lastKnownFileType = text.xcconfig; name = "Pods-MusicApp.release.xcconfig"; path = "Target Support Files/Pods-MusicApp/Pods-MusicApp.release.xcconfig"; sourceTree = "<group>"; };
		CE1BE2CD292E04D4001E0F36 /* NetworkService.swift */ = {isa = PBXFileReference; lastKnownFileType = sourcecode.swift; path = NetworkService.swift; sourceTree = "<group>"; };
		CE1BE2E5292E1035001E0F36 /* SearchPresenter.swift */ = {isa = PBXFileReference; lastKnownFileType = sourcecode.swift; path = SearchPresenter.swift; sourceTree = "<group>"; };
		CE1BE2E6292E1035001E0F36 /* SearchWorker.swift */ = {isa = PBXFileReference; lastKnownFileType = sourcecode.swift; path = SearchWorker.swift; sourceTree = "<group>"; };
		CE1BE2E7292E1035001E0F36 /* SearchRouter.swift */ = {isa = PBXFileReference; lastKnownFileType = sourcecode.swift; path = SearchRouter.swift; sourceTree = "<group>"; };
		CE1BE2E8292E1035001E0F36 /* SearchModels.swift */ = {isa = PBXFileReference; lastKnownFileType = sourcecode.swift; path = SearchModels.swift; sourceTree = "<group>"; };
		CE1BE2EA292E1035001E0F36 /* SearchInteractor.swift */ = {isa = PBXFileReference; lastKnownFileType = sourcecode.swift; path = SearchInteractor.swift; sourceTree = "<group>"; };
		CE1BE2F1292E106F001E0F36 /* SearchViewController.swift */ = {isa = PBXFileReference; lastKnownFileType = sourcecode.swift; path = SearchViewController.swift; sourceTree = "<group>"; };
		CE1BE2F5292E1B41001E0F36 /* SearchViewController.storyboard */ = {isa = PBXFileReference; lastKnownFileType = file.storyboard; path = SearchViewController.storyboard; sourceTree = "<group>"; };
		CE1BE2F8292E1FB4001E0F36 /* UIViewController + Storyboard.swift */ = {isa = PBXFileReference; lastKnownFileType = sourcecode.swift; path = "UIViewController + Storyboard.swift"; sourceTree = "<group>"; };
		CE6C44432931FC72000C4FD0 /* Nib.swift */ = {isa = PBXFileReference; lastKnownFileType = sourcecode.swift; path = Nib.swift; sourceTree = "<group>"; };
		CE6C444529333983000C4FD0 /* Library.swift */ = {isa = PBXFileReference; lastKnownFileType = sourcecode.swift; path = Library.swift; sourceTree = "<group>"; };
		CE6C444829337035000C4FD0 /* UserDefaults.swift */ = {isa = PBXFileReference; lastKnownFileType = sourcecode.swift; path = UserDefaults.swift; sourceTree = "<group>"; };
		CE748450292DD10B0011D95C /* MusicApp.app */ = {isa = PBXFileReference; explicitFileType = wrapper.application; includeInIndex = 0; path = MusicApp.app; sourceTree = BUILT_PRODUCTS_DIR; };
		CE748453292DD10B0011D95C /* AppDelegate.swift */ = {isa = PBXFileReference; lastKnownFileType = sourcecode.swift; path = AppDelegate.swift; sourceTree = "<group>"; };
		CE748455292DD10B0011D95C /* SceneDelegate.swift */ = {isa = PBXFileReference; lastKnownFileType = sourcecode.swift; path = SceneDelegate.swift; sourceTree = "<group>"; };
		CE748457292DD10B0011D95C /* ViewController.swift */ = {isa = PBXFileReference; lastKnownFileType = sourcecode.swift; path = ViewController.swift; sourceTree = "<group>"; };
		CE74845A292DD10B0011D95C /* Base */ = {isa = PBXFileReference; lastKnownFileType = file.storyboard; name = Base; path = Base.lproj/Main.storyboard; sourceTree = "<group>"; };
		CE74845C292DD10C0011D95C /* Assets.xcassets */ = {isa = PBXFileReference; lastKnownFileType = folder.assetcatalog; path = Assets.xcassets; sourceTree = "<group>"; };
		CE74845F292DD10C0011D95C /* Base */ = {isa = PBXFileReference; lastKnownFileType = file.storyboard; name = Base; path = Base.lproj/LaunchScreen.storyboard; sourceTree = "<group>"; };
		CE748461292DD10C0011D95C /* Info.plist */ = {isa = PBXFileReference; lastKnownFileType = text.plist.xml; path = Info.plist; sourceTree = "<group>"; };
		CE748467292DD1390011D95C /* MainTabBarController.swift */ = {isa = PBXFileReference; lastKnownFileType = sourcecode.swift; path = MainTabBarController.swift; sourceTree = "<group>"; };
		CE748469292DD3EA0011D95C /* SearchMusicViewController.swift */ = {isa = PBXFileReference; lastKnownFileType = sourcecode.swift; path = SearchMusicViewController.swift; sourceTree = "<group>"; };
		CE74846B292DEF960011D95C /* SearchResponseModel.swift */ = {isa = PBXFileReference; lastKnownFileType = sourcecode.swift; path = SearchResponseModel.swift; sourceTree = "<group>"; };
		CEC72552292E4E5A003FABE9 /* TrackCell.xib */ = {isa = PBXFileReference; lastKnownFileType = file.xib; path = TrackCell.xib; sourceTree = "<group>"; };
		CEC72554292E4E9C003FABE9 /* TrackCell.swift */ = {isa = PBXFileReference; lastKnownFileType = sourcecode.swift; path = TrackCell.swift; sourceTree = "<group>"; };
		CED2679E292F4DCB0072AAD3 /* FooterView.swift */ = {isa = PBXFileReference; lastKnownFileType = sourcecode.swift; path = FooterView.swift; sourceTree = "<group>"; };
		CED267A1292F58DB0072AAD3 /* TrackDetailView.xib */ = {isa = PBXFileReference; lastKnownFileType = file.xib; path = TrackDetailView.xib; sourceTree = "<group>"; };
		CED267A3292F58EA0072AAD3 /* TrackDetailView.swift */ = {isa = PBXFileReference; lastKnownFileType = sourcecode.swift; path = TrackDetailView.swift; sourceTree = "<group>"; };
		CED267A5292F831B0072AAD3 /* CMTime + Extension.swift */ = {isa = PBXFileReference; lastKnownFileType = sourcecode.swift; path = "CMTime + Extension.swift"; sourceTree = "<group>"; };
		E8A6BD9DA36E41149881D5A3 /* Pods-MusicApp.debug.xcconfig */ = {isa = PBXFileReference; includeInIndex = 1; lastKnownFileType = text.xcconfig; name = "Pods-MusicApp.debug.xcconfig"; path = "Target Support Files/Pods-MusicApp/Pods-MusicApp.debug.xcconfig"; sourceTree = "<group>"; };
/* End PBXFileReference section */

/* Begin PBXFrameworksBuildPhase section */
		CE74844D292DD10B0011D95C /* Frameworks */ = {
			isa = PBXFrameworksBuildPhase;
			buildActionMask = 2147483647;
			files = (
				CE6C444C2933786F000C4FD0 /* URLImage in Frameworks */,
				489295432B9896AD55AF85D2 /* Pods_MusicApp.framework in Frameworks */,
			);
			runOnlyForDeploymentPostprocessing = 0;
		};
/* End PBXFrameworksBuildPhase section */

/* Begin PBXGroup section */
		9886B54F9BF2B24C1E55426D /* Frameworks */ = {
			isa = PBXGroup;
			children = (
				257159D5FBC070B4C34037D9 /* Pods_MusicApp.framework */,
			);
			name = Frameworks;
			sourceTree = "<group>";
		};
		C95DC8606ED3480A7370CA08 /* Pods */ = {
			isa = PBXGroup;
			children = (
				E8A6BD9DA36E41149881D5A3 /* Pods-MusicApp.debug.xcconfig */,
				73852E3D472C6B5C6DE1F38E /* Pods-MusicApp.release.xcconfig */,
			);
			path = Pods;
			sourceTree = "<group>";
		};
		CE1BE2CF292E0D93001E0F36 /* Search */ = {
			isa = PBXGroup;
			children = (
				CED267A0292F58860072AAD3 /* TrackDetailView */,
				CED2679D292F4DB90072AAD3 /* FooterView */,
				CEC72551292E4E47003FABE9 /* Cell */,
				CE1BE2F5292E1B41001E0F36 /* SearchViewController.storyboard */,
				CE1BE2F1292E106F001E0F36 /* SearchViewController.swift */,
				CE1BE2EA292E1035001E0F36 /* SearchInteractor.swift */,
				CE1BE2E5292E1035001E0F36 /* SearchPresenter.swift */,
				CE1BE2E8292E1035001E0F36 /* SearchModels.swift */,
				CE1BE2E6292E1035001E0F36 /* SearchWorker.swift */,
				CE1BE2E7292E1035001E0F36 /* SearchRouter.swift */,
			);
			path = Search;
			sourceTree = "<group>";
		};
		CE1BE2E3292E0F2A001E0F36 /* Services */ = {
			isa = PBXGroup;
			children = (
				CED2679C292E58610072AAD3 /* Models */,
				CE1BE2CD292E04D4001E0F36 /* NetworkService.swift */,
			);
			path = Services;
			sourceTree = "<group>";
		};
		CE1BE2E4292E0F44001E0F36 /* Application */ = {
			isa = PBXGroup;
			children = (
				CE748453292DD10B0011D95C /* AppDelegate.swift */,
				CE748455292DD10B0011D95C /* SceneDelegate.swift */,
			);
			path = Application;
			sourceTree = "<group>";
		};
		CE1BE2F7292E1F94001E0F36 /* Helpers */ = {
			isa = PBXGroup;
			children = (
				CE1BE2F8292E1FB4001E0F36 /* UIViewController + Storyboard.swift */,
				CED267A5292F831B0072AAD3 /* CMTime + Extension.swift */,
				CE6C44432931FC72000C4FD0 /* Nib.swift */,
			);
			path = Helpers;
			sourceTree = "<group>";
		};
		CE6C444729337018000C4FD0 /* UserDefaults */ = {
			isa = PBXGroup;
			children = (
				CE6C444829337035000C4FD0 /* UserDefaults.swift */,
			);
			path = UserDefaults;
			sourceTree = "<group>";
		};
		CE748447292DD10B0011D95C = {
			isa = PBXGroup;
			children = (
				CE748452292DD10B0011D95C /* MusicApp */,
				CE748451292DD10B0011D95C /* Products */,
				C95DC8606ED3480A7370CA08 /* Pods */,
				9886B54F9BF2B24C1E55426D /* Frameworks */,
			);
			sourceTree = "<group>";
		};
		CE748451292DD10B0011D95C /* Products */ = {
			isa = PBXGroup;
			children = (
				CE748450292DD10B0011D95C /* MusicApp.app */,
			);
			name = Products;
			sourceTree = "<group>";
		};
		CE748452292DD10B0011D95C /* MusicApp */ = {
			isa = PBXGroup;
			children = (
				CE6C444729337018000C4FD0 /* UserDefaults */,
				CE1BE2F7292E1F94001E0F36 /* Helpers */,
				CE1BE2CF292E0D93001E0F36 /* Search */,
				CE1BE2E4292E0F44001E0F36 /* Application */,
				CE1BE2E3292E0F2A001E0F36 /* Services */,
				CE748467292DD1390011D95C /* MainTabBarController.swift */,
				CE748469292DD3EA0011D95C /* SearchMusicViewController.swift */,
				CE748457292DD10B0011D95C /* ViewController.swift */,
				CE6C444529333983000C4FD0 /* Library.swift */,
				CE748459292DD10B0011D95C /* Main.storyboard */,
				CE74845E292DD10C0011D95C /* LaunchScreen.storyboard */,
				CE74845C292DD10C0011D95C /* Assets.xcassets */,
				CE748461292DD10C0011D95C /* Info.plist */,
			);
			path = MusicApp;
			sourceTree = "<group>";
		};
		CEC72551292E4E47003FABE9 /* Cell */ = {
			isa = PBXGroup;
			children = (
				CEC72552292E4E5A003FABE9 /* TrackCell.xib */,
				CEC72554292E4E9C003FABE9 /* TrackCell.swift */,
			);
			path = Cell;
			sourceTree = "<group>";
		};
		CED2679C292E58610072AAD3 /* Models */ = {
			isa = PBXGroup;
			children = (
				CE74846B292DEF960011D95C /* SearchResponseModel.swift */,
			);
			path = Models;
			sourceTree = "<group>";
		};
		CED2679D292F4DB90072AAD3 /* FooterView */ = {
			isa = PBXGroup;
			children = (
				CED2679E292F4DCB0072AAD3 /* FooterView.swift */,
			);
			path = FooterView;
			sourceTree = "<group>";
		};
		CED267A0292F58860072AAD3 /* TrackDetailView */ = {
			isa = PBXGroup;
			children = (
				CED267A1292F58DB0072AAD3 /* TrackDetailView.xib */,
				CED267A3292F58EA0072AAD3 /* TrackDetailView.swift */,
			);
			path = TrackDetailView;
			sourceTree = "<group>";
		};
/* End PBXGroup section */

/* Begin PBXNativeTarget section */
		CE74844F292DD10B0011D95C /* MusicApp */ = {
			isa = PBXNativeTarget;
			buildConfigurationList = CE748464292DD10C0011D95C /* Build configuration list for PBXNativeTarget "MusicApp" */;
			buildPhases = (
				53B4F022FA22922958FEF863 /* [CP] Check Pods Manifest.lock */,
				CE74844C292DD10B0011D95C /* Sources */,
				CE74844D292DD10B0011D95C /* Frameworks */,
				CE74844E292DD10B0011D95C /* Resources */,
				678EAA2E521A1BB463868E1D /* [CP] Embed Pods Frameworks */,
			);
			buildRules = (
			);
			dependencies = (
			);
			name = MusicApp;
			packageProductDependencies = (
				CE6C444B2933786F000C4FD0 /* URLImage */,
			);
			productName = MusicApp;
			productReference = CE748450292DD10B0011D95C /* MusicApp.app */;
			productType = "com.apple.product-type.application";
		};
/* End PBXNativeTarget section */

/* Begin PBXProject section */
		CE748448292DD10B0011D95C /* Project object */ = {
			isa = PBXProject;
			attributes = {
				BuildIndependentTargetsInParallel = 1;
				LastSwiftUpdateCheck = 1410;
				LastUpgradeCheck = 1410;
				TargetAttributes = {
					CE74844F292DD10B0011D95C = {
						CreatedOnToolsVersion = 14.1;
					};
				};
			};
			buildConfigurationList = CE74844B292DD10B0011D95C /* Build configuration list for PBXProject "MusicApp" */;
			compatibilityVersion = "Xcode 14.0";
			developmentRegion = en;
			hasScannedForEncodings = 0;
			knownRegions = (
				en,
				Base,
			);
			mainGroup = CE748447292DD10B0011D95C;
			packageReferences = (
				CE6C444A2933786F000C4FD0 /* XCRemoteSwiftPackageReference "url-image" */,
			);
			productRefGroup = CE748451292DD10B0011D95C /* Products */;
			projectDirPath = "";
			projectRoot = "";
			targets = (
				CE74844F292DD10B0011D95C /* MusicApp */,
			);
		};
/* End PBXProject section */

/* Begin PBXResourcesBuildPhase section */
		CE74844E292DD10B0011D95C /* Resources */ = {
			isa = PBXResourcesBuildPhase;
			buildActionMask = 2147483647;
			files = (
				CE748460292DD10C0011D95C /* LaunchScreen.storyboard in Resources */,
				CEC72553292E4E5A003FABE9 /* TrackCell.xib in Resources */,
				CE74845D292DD10C0011D95C /* Assets.xcassets in Resources */,
				CE1BE2F6292E1B41001E0F36 /* SearchViewController.storyboard in Resources */,
				CED267A2292F58DB0072AAD3 /* TrackDetailView.xib in Resources */,
				CE74845B292DD10B0011D95C /* Main.storyboard in Resources */,
			);
			runOnlyForDeploymentPostprocessing = 0;
		};
/* End PBXResourcesBuildPhase section */

/* Begin PBXShellScriptBuildPhase section */
		53B4F022FA22922958FEF863 /* [CP] Check Pods Manifest.lock */ = {
			isa = PBXShellScriptBuildPhase;
			buildActionMask = 2147483647;
			files = (
			);
			inputFileListPaths = (
			);
			inputPaths = (
				"${PODS_PODFILE_DIR_PATH}/Podfile.lock",
				"${PODS_ROOT}/Manifest.lock",
			);
			name = "[CP] Check Pods Manifest.lock";
			outputFileListPaths = (
			);
			outputPaths = (
				"$(DERIVED_FILE_DIR)/Pods-MusicApp-checkManifestLockResult.txt",
			);
			runOnlyForDeploymentPostprocessing = 0;
			shellPath = /bin/sh;
			shellScript = "diff \"${PODS_PODFILE_DIR_PATH}/Podfile.lock\" \"${PODS_ROOT}/Manifest.lock\" > /dev/null\nif [ $? != 0 ] ; then\n    # print error to STDERR\n    echo \"error: The sandbox is not in sync with the Podfile.lock. Run 'pod install' or update your CocoaPods installation.\" >&2\n    exit 1\nfi\n# This output is used by Xcode 'outputs' to avoid re-running this script phase.\necho \"SUCCESS\" > \"${SCRIPT_OUTPUT_FILE_0}\"\n";
			showEnvVarsInLog = 0;
		};
		678EAA2E521A1BB463868E1D /* [CP] Embed Pods Frameworks */ = {
			isa = PBXShellScriptBuildPhase;
			buildActionMask = 2147483647;
			files = (
			);
			inputFileListPaths = (
				"${PODS_ROOT}/Target Support Files/Pods-MusicApp/Pods-MusicApp-frameworks-${CONFIGURATION}-input-files.xcfilelist",
			);
			name = "[CP] Embed Pods Frameworks";
			outputFileListPaths = (
				"${PODS_ROOT}/Target Support Files/Pods-MusicApp/Pods-MusicApp-frameworks-${CONFIGURATION}-output-files.xcfilelist",
			);
			runOnlyForDeploymentPostprocessing = 0;
			shellPath = /bin/sh;
			shellScript = "\"${PODS_ROOT}/Target Support Files/Pods-MusicApp/Pods-MusicApp-frameworks.sh\"\n";
			showEnvVarsInLog = 0;
		};
/* End PBXShellScriptBuildPhase section */

/* Begin PBXSourcesBuildPhase section */
		CE74844C292DD10B0011D95C /* Sources */ = {
			isa = PBXSourcesBuildPhase;
			buildActionMask = 2147483647;
			files = (
				CE6C44442931FC72000C4FD0 /* Nib.swift in Sources */,
				CE74846A292DD3EA0011D95C /* SearchMusicViewController.swift in Sources */,
				CE1BE2F9292E1FB4001E0F36 /* UIViewController + Storyboard.swift in Sources */,
				CE748458292DD10B0011D95C /* ViewController.swift in Sources */,
				CE748454292DD10B0011D95C /* AppDelegate.swift in Sources */,
				CE6C444929337035000C4FD0 /* UserDefaults.swift in Sources */,
				CE1BE2F0292E1035001E0F36 /* SearchInteractor.swift in Sources */,
				CED2679F292F4DCB0072AAD3 /* FooterView.swift in Sources */,
				CED267A6292F831B0072AAD3 /* CMTime + Extension.swift in Sources */,
				CEC72555292E4E9C003FABE9 /* TrackCell.swift in Sources */,
				CE1BE2F3292E106F001E0F36 /* SearchViewController.swift in Sources */,
				CE74846C292DEF960011D95C /* SearchResponseModel.swift in Sources */,
				CE748468292DD1390011D95C /* MainTabBarController.swift in Sources */,
				CE1BE2EC292E1035001E0F36 /* SearchWorker.swift in Sources */,
				CE1BE2ED292E1035001E0F36 /* SearchRouter.swift in Sources */,
				CE1BE2EE292E1035001E0F36 /* SearchModels.swift in Sources */,
				CE748456292DD10B0011D95C /* SceneDelegate.swift in Sources */,
				CE1BE2EB292E1035001E0F36 /* SearchPresenter.swift in Sources */,
				CE6C444629333983000C4FD0 /* Library.swift in Sources */,
				CED267A4292F58EA0072AAD3 /* TrackDetailView.swift in Sources */,
				CE1BE2CE292E04D4001E0F36 /* NetworkService.swift in Sources */,
			);
			runOnlyForDeploymentPostprocessing = 0;
		};
/* End PBXSourcesBuildPhase section */

/* Begin PBXVariantGroup section */
		CE748459292DD10B0011D95C /* Main.storyboard */ = {
			isa = PBXVariantGroup;
			children = (
				CE74845A292DD10B0011D95C /* Base */,
			);
			name = Main.storyboard;
			sourceTree = "<group>";
		};
		CE74845E292DD10C0011D95C /* LaunchScreen.storyboard */ = {
			isa = PBXVariantGroup;
			children = (
				CE74845F292DD10C0011D95C /* Base */,
			);
			name = LaunchScreen.storyboard;
			sourceTree = "<group>";
		};
/* End PBXVariantGroup section */

/* Begin XCBuildConfiguration section */
		CE748462292DD10C0011D95C /* Debug */ = {
			isa = XCBuildConfiguration;
			buildSettings = {
				ALWAYS_SEARCH_USER_PATHS = NO;
				CLANG_ANALYZER_NONNULL = YES;
				CLANG_ANALYZER_NUMBER_OBJECT_CONVERSION = YES_AGGRESSIVE;
				CLANG_CXX_LANGUAGE_STANDARD = "gnu++20";
				CLANG_ENABLE_MODULES = YES;
				CLANG_ENABLE_OBJC_ARC = YES;
				CLANG_ENABLE_OBJC_WEAK = YES;
				CLANG_WARN_BLOCK_CAPTURE_AUTORELEASING = YES;
				CLANG_WARN_BOOL_CONVERSION = YES;
				CLANG_WARN_COMMA = YES;
				CLANG_WARN_CONSTANT_CONVERSION = YES;
				CLANG_WARN_DEPRECATED_OBJC_IMPLEMENTATIONS = YES;
				CLANG_WARN_DIRECT_OBJC_ISA_USAGE = YES_ERROR;
				CLANG_WARN_DOCUMENTATION_COMMENTS = YES;
				CLANG_WARN_EMPTY_BODY = YES;
				CLANG_WARN_ENUM_CONVERSION = YES;
				CLANG_WARN_INFINITE_RECURSION = YES;
				CLANG_WARN_INT_CONVERSION = YES;
				CLANG_WARN_NON_LITERAL_NULL_CONVERSION = YES;
				CLANG_WARN_OBJC_IMPLICIT_RETAIN_SELF = YES;
				CLANG_WARN_OBJC_LITERAL_CONVERSION = YES;
				CLANG_WARN_OBJC_ROOT_CLASS = YES_ERROR;
				CLANG_WARN_QUOTED_INCLUDE_IN_FRAMEWORK_HEADER = YES;
				CLANG_WARN_RANGE_LOOP_ANALYSIS = YES;
				CLANG_WARN_STRICT_PROTOTYPES = YES;
				CLANG_WARN_SUSPICIOUS_MOVE = YES;
				CLANG_WARN_UNGUARDED_AVAILABILITY = YES_AGGRESSIVE;
				CLANG_WARN_UNREACHABLE_CODE = YES;
				CLANG_WARN__DUPLICATE_METHOD_MATCH = YES;
				COPY_PHASE_STRIP = NO;
				DEBUG_INFORMATION_FORMAT = dwarf;
				ENABLE_STRICT_OBJC_MSGSEND = YES;
				ENABLE_TESTABILITY = YES;
				GCC_C_LANGUAGE_STANDARD = gnu11;
				GCC_DYNAMIC_NO_PIC = NO;
				GCC_NO_COMMON_BLOCKS = YES;
				GCC_OPTIMIZATION_LEVEL = 0;
				GCC_PREPROCESSOR_DEFINITIONS = (
					"DEBUG=1",
					"$(inherited)",
				);
				GCC_WARN_64_TO_32_BIT_CONVERSION = YES;
				GCC_WARN_ABOUT_RETURN_TYPE = YES_ERROR;
				GCC_WARN_UNDECLARED_SELECTOR = YES;
				GCC_WARN_UNINITIALIZED_AUTOS = YES_AGGRESSIVE;
				GCC_WARN_UNUSED_FUNCTION = YES;
				GCC_WARN_UNUSED_VARIABLE = YES;
				IPHONEOS_DEPLOYMENT_TARGET = 16.1;
				MTL_ENABLE_DEBUG_INFO = INCLUDE_SOURCE;
				MTL_FAST_MATH = YES;
				ONLY_ACTIVE_ARCH = YES;
				SDKROOT = iphoneos;
				SWIFT_ACTIVE_COMPILATION_CONDITIONS = DEBUG;
				SWIFT_OPTIMIZATION_LEVEL = "-Onone";
			};
			name = Debug;
		};
		CE748463292DD10C0011D95C /* Release */ = {
			isa = XCBuildConfiguration;
			buildSettings = {
				ALWAYS_SEARCH_USER_PATHS = NO;
				CLANG_ANALYZER_NONNULL = YES;
				CLANG_ANALYZER_NUMBER_OBJECT_CONVERSION = YES_AGGRESSIVE;
				CLANG_CXX_LANGUAGE_STANDARD = "gnu++20";
				CLANG_ENABLE_MODULES = YES;
				CLANG_ENABLE_OBJC_ARC = YES;
				CLANG_ENABLE_OBJC_WEAK = YES;
				CLANG_WARN_BLOCK_CAPTURE_AUTORELEASING = YES;
				CLANG_WARN_BOOL_CONVERSION = YES;
				CLANG_WARN_COMMA = YES;
				CLANG_WARN_CONSTANT_CONVERSION = YES;
				CLANG_WARN_DEPRECATED_OBJC_IMPLEMENTATIONS = YES;
				CLANG_WARN_DIRECT_OBJC_ISA_USAGE = YES_ERROR;
				CLANG_WARN_DOCUMENTATION_COMMENTS = YES;
				CLANG_WARN_EMPTY_BODY = YES;
				CLANG_WARN_ENUM_CONVERSION = YES;
				CLANG_WARN_INFINITE_RECURSION = YES;
				CLANG_WARN_INT_CONVERSION = YES;
				CLANG_WARN_NON_LITERAL_NULL_CONVERSION = YES;
				CLANG_WARN_OBJC_IMPLICIT_RETAIN_SELF = YES;
				CLANG_WARN_OBJC_LITERAL_CONVERSION = YES;
				CLANG_WARN_OBJC_ROOT_CLASS = YES_ERROR;
				CLANG_WARN_QUOTED_INCLUDE_IN_FRAMEWORK_HEADER = YES;
				CLANG_WARN_RANGE_LOOP_ANALYSIS = YES;
				CLANG_WARN_STRICT_PROTOTYPES = YES;
				CLANG_WARN_SUSPICIOUS_MOVE = YES;
				CLANG_WARN_UNGUARDED_AVAILABILITY = YES_AGGRESSIVE;
				CLANG_WARN_UNREACHABLE_CODE = YES;
				CLANG_WARN__DUPLICATE_METHOD_MATCH = YES;
				COPY_PHASE_STRIP = NO;
				DEBUG_INFORMATION_FORMAT = "dwarf-with-dsym";
				ENABLE_NS_ASSERTIONS = NO;
				ENABLE_STRICT_OBJC_MSGSEND = YES;
				GCC_C_LANGUAGE_STANDARD = gnu11;
				GCC_NO_COMMON_BLOCKS = YES;
				GCC_WARN_64_TO_32_BIT_CONVERSION = YES;
				GCC_WARN_ABOUT_RETURN_TYPE = YES_ERROR;
				GCC_WARN_UNDECLARED_SELECTOR = YES;
				GCC_WARN_UNINITIALIZED_AUTOS = YES_AGGRESSIVE;
				GCC_WARN_UNUSED_FUNCTION = YES;
				GCC_WARN_UNUSED_VARIABLE = YES;
				IPHONEOS_DEPLOYMENT_TARGET = 16.1;
				MTL_ENABLE_DEBUG_INFO = NO;
				MTL_FAST_MATH = YES;
				SDKROOT = iphoneos;
				SWIFT_COMPILATION_MODE = wholemodule;
				SWIFT_OPTIMIZATION_LEVEL = "-O";
				VALIDATE_PRODUCT = YES;
			};
			name = Release;
		};
		CE748465292DD10C0011D95C /* Debug */ = {
			isa = XCBuildConfiguration;
			baseConfigurationReference = E8A6BD9DA36E41149881D5A3 /* Pods-MusicApp.debug.xcconfig */;
			buildSettings = {
				ASSETCATALOG_COMPILER_APPICON_NAME = AppIcon;
				ASSETCATALOG_COMPILER_GLOBAL_ACCENT_COLOR_NAME = AccentColor;
				CODE_SIGN_STYLE = Automatic;
				CURRENT_PROJECT_VERSION = 1;
				DEVELOPMENT_TEAM = 7PAYMRGF6V;
				GENERATE_INFOPLIST_FILE = YES;
				INFOPLIST_FILE = MusicApp/Info.plist;
				INFOPLIST_KEY_UIApplicationSupportsIndirectInputEvents = YES;
				INFOPLIST_KEY_UILaunchStoryboardName = LaunchScreen;
				INFOPLIST_KEY_UIMainStoryboardFile = Main;
				INFOPLIST_KEY_UISupportedInterfaceOrientations_iPad = "UIInterfaceOrientationPortrait UIInterfaceOrientationPortraitUpsideDown UIInterfaceOrientationLandscapeLeft UIInterfaceOrientationLandscapeRight";
				INFOPLIST_KEY_UISupportedInterfaceOrientations_iPhone = "UIInterfaceOrientationPortrait UIInterfaceOrientationLandscapeLeft UIInterfaceOrientationLandscapeRight";
				LD_RUNPATH_SEARCH_PATHS = (
					"$(inherited)",
					"@executable_path/Frameworks",
				);
				MARKETING_VERSION = 1.0;
				PRODUCT_BUNDLE_IDENTIFIER = SPA.MusicApp;
				PRODUCT_NAME = "$(TARGET_NAME)";
				SWIFT_EMIT_LOC_STRINGS = YES;
				SWIFT_VERSION = 5.0;
				TARGETED_DEVICE_FAMILY = "1,2";
			};
			name = Debug;
		};
		CE748466292DD10C0011D95C /* Release */ = {
			isa = XCBuildConfiguration;
			baseConfigurationReference = 73852E3D472C6B5C6DE1F38E /* Pods-MusicApp.release.xcconfig */;
			buildSettings = {
				ASSETCATALOG_COMPILER_APPICON_NAME = AppIcon;
				ASSETCATALOG_COMPILER_GLOBAL_ACCENT_COLOR_NAME = AccentColor;
				CODE_SIGN_STYLE = Automatic;
				CURRENT_PROJECT_VERSION = 1;
				DEVELOPMENT_TEAM = 7PAYMRGF6V;
				GENERATE_INFOPLIST_FILE = YES;
				INFOPLIST_FILE = MusicApp/Info.plist;
				INFOPLIST_KEY_UIApplicationSupportsIndirectInputEvents = YES;
				INFOPLIST_KEY_UILaunchStoryboardName = LaunchScreen;
				INFOPLIST_KEY_UIMainStoryboardFile = Main;
				INFOPLIST_KEY_UISupportedInterfaceOrientations_iPad = "UIInterfaceOrientationPortrait UIInterfaceOrientationPortraitUpsideDown UIInterfaceOrientationLandscapeLeft UIInterfaceOrientationLandscapeRight";
				INFOPLIST_KEY_UISupportedInterfaceOrientations_iPhone = "UIInterfaceOrientationPortrait UIInterfaceOrientationLandscapeLeft UIInterfaceOrientationLandscapeRight";
				LD_RUNPATH_SEARCH_PATHS = (
					"$(inherited)",
					"@executable_path/Frameworks",
				);
				MARKETING_VERSION = 1.0;
				PRODUCT_BUNDLE_IDENTIFIER = SPA.MusicApp;
				PRODUCT_NAME = "$(TARGET_NAME)";
				SWIFT_EMIT_LOC_STRINGS = YES;
				SWIFT_VERSION = 5.0;
				TARGETED_DEVICE_FAMILY = "1,2";
			};
			name = Release;
		};
/* End XCBuildConfiguration section */

/* Begin XCConfigurationList section */
		CE74844B292DD10B0011D95C /* Build configuration list for PBXProject "MusicApp" */ = {
			isa = XCConfigurationList;
			buildConfigurations = (
				CE748462292DD10C0011D95C /* Debug */,
				CE748463292DD10C0011D95C /* Release */,
			);
			defaultConfigurationIsVisible = 0;
			defaultConfigurationName = Release;
		};
		CE748464292DD10C0011D95C /* Build configuration list for PBXNativeTarget "MusicApp" */ = {
			isa = XCConfigurationList;
			buildConfigurations = (
				CE748465292DD10C0011D95C /* Debug */,
				CE748466292DD10C0011D95C /* Release */,
			);
			defaultConfigurationIsVisible = 0;
			defaultConfigurationName = Release;
		};
/* End XCConfigurationList section */

/* Begin XCRemoteSwiftPackageReference section */
		CE6C444A2933786F000C4FD0 /* XCRemoteSwiftPackageReference "url-image" */ = {
			isa = XCRemoteSwiftPackageReference;
			repositoryURL = "https://github.com/dmytro-anokhin/url-image";
			requirement = {
				kind = upToNextMajorVersion;
				minimumVersion = 3.0.0;
			};
		};
/* End XCRemoteSwiftPackageReference section */

/* Begin XCSwiftPackageProductDependency section */
		CE6C444B2933786F000C4FD0 /* URLImage */ = {
			isa = XCSwiftPackageProductDependency;
			package = CE6C444A2933786F000C4FD0 /* XCRemoteSwiftPackageReference "url-image" */;
			productName = URLImage;
		};
/* End XCSwiftPackageProductDependency section */
	};
	rootObject = CE748448292DD10B0011D95C /* Project object */;
}
